
Microsoft Visual Studio Solution File, Format Version 12.00
# Visual Studio 15
VisualStudioVersion = 15.0.27428.2011
MinimumVisualStudioVersion = 10.0.40219.1
Project("{FAE04EC0-301F-11D3-BF4B-00C04F79EFBC}") = "Bookshelf", "Bookshelf\Bookshelf.csproj", "{A043946F-C019-4E72-95CA-4C4F5710DCE8}"
EndProject
Project("{FAE04EC0-301F-11D3-BF4B-00C04F79EFBC}") = "DAL", "DAL\DAL.csproj", "{8F47A436-ADC0-441E-905E-EDEB24418779}"
EndProject
Project("{FAE04EC0-301F-11D3-BF4B-00C04F79EFBC}") = "Model", "Model\Model.csproj", "{2C6338BB-064B-46BD-825D-208477DFEA06}"
EndProject
Project("{FAE04EC0-301F-11D3-BF4B-00C04F79EFBC}") = "BaseLib", "BaseLib\BaseLib.csproj", "{626F72ED-F0C6-423C-94AC-2F3AD608832A}"
EndProject
Project("{FAE04EC0-301F-11D3-BF4B-00C04F79EFBC}") = "Controllers", "Controllers\Controllers.csproj", "{806C5F44-661D-460D-A6C0-0085F5BC8D41}"
EndProject
Project("{FAE04EC0-301F-11D3-BF4B-00C04F79EFBC}") = "PresentationLayer", "PresentationLayer\PresentationLayer.csproj", "{E24D297D-5800-44F8-AA2F-6F078771B8E7}"
EndProject
Project("{FAE04EC0-301F-11D3-BF4B-00C04F79EFBC}") = "ServiceLayer", "ServiceLayer\ServiceLayer.csproj", "{9C568B22-FD3C-4B40-BF63-17DE080C59EA}"
EndProject
Project("{FAE04EC0-301F-11D3-BF4B-00C04F79EFBC}") = "Tests", "Tests\Tests.csproj", "{FA355652-7B87-4E31-86EA-971CF718F510}"
EndProject
Global
	GlobalSection(SolutionConfigurationPlatforms) = preSolution
		Debug|Any CPU = Debug|Any CPU
		Debug|ARM = Debug|ARM
		Debug|x64 = Debug|x64
		Debug|x86 = Debug|x86
		Release|Any CPU = Release|Any CPU
		Release|ARM = Release|ARM
		Release|x64 = Release|x64
		Release|x86 = Release|x86
	EndGlobalSection
	GlobalSection(ProjectConfigurationPlatforms) = postSolution
		{A043946F-C019-4E72-95CA-4C4F5710DCE8}.Debug|Any CPU.ActiveCfg = Debug|Any CPU
		{A043946F-C019-4E72-95CA-4C4F5710DCE8}.Debug|Any CPU.Build.0 = Debug|Any CPU
		{A043946F-C019-4E72-95CA-4C4F5710DCE8}.Debug|ARM.ActiveCfg = Debug|Any CPU
		{A043946F-C019-4E72-95CA-4C4F5710DCE8}.Debug|ARM.Build.0 = Debug|Any CPU
		{A043946F-C019-4E72-95CA-4C4F5710DCE8}.Debug|x64.ActiveCfg = Debug|Any CPU
		{A043946F-C019-4E72-95CA-4C4F5710DCE8}.Debug|x64.Build.0 = Debug|Any CPU
		{A043946F-C019-4E72-95CA-4C4F5710DCE8}.Debug|x86.ActiveCfg = Debug|Any CPU
		{A043946F-C019-4E72-95CA-4C4F5710DCE8}.Debug|x86.Build.0 = Debug|Any CPU
		{A043946F-C019-4E72-95CA-4C4F5710DCE8}.Release|Any CPU.ActiveCfg = Release|Any CPU
		{A043946F-C019-4E72-95CA-4C4F5710DCE8}.Release|Any CPU.Build.0 = Release|Any CPU
		{A043946F-C019-4E72-95CA-4C4F5710DCE8}.Release|ARM.ActiveCfg = Release|Any CPU
		{A043946F-C019-4E72-95CA-4C4F5710DCE8}.Release|ARM.Build.0 = Release|Any CPU
		{A043946F-C019-4E72-95CA-4C4F5710DCE8}.Release|x64.ActiveCfg = Release|Any CPU
		{A043946F-C019-4E72-95CA-4C4F5710DCE8}.Release|x64.Build.0 = Release|Any CPU
		{A043946F-C019-4E72-95CA-4C4F5710DCE8}.Release|x86.ActiveCfg = Release|Any CPU
		{A043946F-C019-4E72-95CA-4C4F5710DCE8}.Release|x86.Build.0 = Release|Any CPU
		{8F47A436-ADC0-441E-905E-EDEB24418779}.Debug|Any CPU.ActiveCfg = Debug|Any CPU
		{8F47A436-ADC0-441E-905E-EDEB24418779}.Debug|Any CPU.Build.0 = Debug|Any CPU
		{8F47A436-ADC0-441E-905E-EDEB24418779}.Debug|ARM.ActiveCfg = Debug|Any CPU
		{8F47A436-ADC0-441E-905E-EDEB24418779}.Debug|ARM.Build.0 = Debug|Any CPU
		{8F47A436-ADC0-441E-905E-EDEB24418779}.Debug|x64.ActiveCfg = Debug|Any CPU
		{8F47A436-ADC0-441E-905E-EDEB24418779}.Debug|x64.Build.0 = Debug|Any CPU
		{8F47A436-ADC0-441E-905E-EDEB24418779}.Debug|x86.ActiveCfg = Debug|Any CPU
		{8F47A436-ADC0-441E-905E-EDEB24418779}.Debug|x86.Build.0 = Debug|Any CPU
		{8F47A436-ADC0-441E-905E-EDEB24418779}.Release|Any CPU.ActiveCfg = Release|Any CPU
		{8F47A436-ADC0-441E-905E-EDEB24418779}.Release|Any CPU.Build.0 = Release|Any CPU
		{8F47A436-ADC0-441E-905E-EDEB24418779}.Release|ARM.ActiveCfg = Release|Any CPU
		{8F47A436-ADC0-441E-905E-EDEB24418779}.Release|ARM.Build.0 = Release|Any CPU
		{8F47A436-ADC0-441E-905E-EDEB24418779}.Release|x64.ActiveCfg = Release|Any CPU
		{8F47A436-ADC0-441E-905E-EDEB24418779}.Release|x64.Build.0 = Release|Any CPU
		{8F47A436-ADC0-441E-905E-EDEB24418779}.Release|x86.ActiveCfg = Release|Any CPU
		{8F47A436-ADC0-441E-905E-EDEB24418779}.Release|x86.Build.0 = Release|Any CPU
		{2C6338BB-064B-46BD-825D-208477DFEA06}.Debug|Any CPU.ActiveCfg = Debug|Any CPU
		{2C6338BB-064B-46BD-825D-208477DFEA06}.Debug|Any CPU.Build.0 = Debug|Any CPU
		{2C6338BB-064B-46BD-825D-208477DFEA06}.Debug|ARM.ActiveCfg = Debug|Any CPU
		{2C6338BB-064B-46BD-825D-208477DFEA06}.Debug|ARM.Build.0 = Debug|Any CPU
		{2C6338BB-064B-46BD-825D-208477DFEA06}.Debug|x64.ActiveCfg = Debug|Any CPU
		{2C6338BB-064B-46BD-825D-208477DFEA06}.Debug|x64.Build.0 = Debug|Any CPU
		{2C6338BB-064B-46BD-825D-208477DFEA06}.Debug|x86.ActiveCfg = Debug|Any CPU
		{2C6338BB-064B-46BD-825D-208477DFEA06}.Debug|x86.Build.0 = Debug|Any CPU
		{2C6338BB-064B-46BD-825D-208477DFEA06}.Release|Any CPU.ActiveCfg = Release|Any CPU
		{2C6338BB-064B-46BD-825D-208477DFEA06}.Release|Any CPU.Build.0 = Release|Any CPU
		{2C6338BB-064B-46BD-825D-208477DFEA06}.Release|ARM.ActiveCfg = Release|Any CPU
		{2C6338BB-064B-46BD-825D-208477DFEA06}.Release|ARM.Build.0 = Release|Any CPU
		{2C6338BB-064B-46BD-825D-208477DFEA06}.Release|x64.ActiveCfg = Release|Any CPU
		{2C6338BB-064B-46BD-825D-208477DFEA06}.Release|x64.Build.0 = Release|Any CPU
		{2C6338BB-064B-46BD-825D-208477DFEA06}.Release|x86.ActiveCfg = Release|Any CPU
		{2C6338BB-064B-46BD-825D-208477DFEA06}.Release|x86.Build.0 = Release|Any CPU
		{626F72ED-F0C6-423C-94AC-2F3AD608832A}.Debug|Any CPU.ActiveCfg = Debug|Any CPU
		{626F72ED-F0C6-423C-94AC-2F3AD608832A}.Debug|Any CPU.Build.0 = Debug|Any CPU
		{626F72ED-F0C6-423C-94AC-2F3AD608832A}.Debug|ARM.ActiveCfg = Debug|Any CPU
		{626F72ED-F0C6-423C-94AC-2F3AD608832A}.Debug|ARM.Build.0 = Debug|Any CPU
		{626F72ED-F0C6-423C-94AC-2F3AD608832A}.Debug|x64.ActiveCfg = Debug|Any CPU
		{626F72ED-F0C6-423C-94AC-2F3AD608832A}.Debug|x64.Build.0 = Debug|Any CPU
		{626F72ED-F0C6-423C-94AC-2F3AD608832A}.Debug|x86.ActiveCfg = Debug|Any CPU
		{626F72ED-F0C6-423C-94AC-2F3AD608832A}.Debug|x86.Build.0 = Debug|Any CPU
		{626F72ED-F0C6-423C-94AC-2F3AD608832A}.Release|Any CPU.ActiveCfg = Release|Any CPU
		{626F72ED-F0C6-423C-94AC-2F3AD608832A}.Release|Any CPU.Build.0 = Release|Any CPU
		{626F72ED-F0C6-423C-94AC-2F3AD608832A}.Release|ARM.ActiveCfg = Release|Any CPU
		{626F72ED-F0C6-423C-94AC-2F3AD608832A}.Release|ARM.Build.0 = Release|Any CPU
		{626F72ED-F0C6-423C-94AC-2F3AD608832A}.Release|x64.ActiveCfg = Release|Any CPU
		{626F72ED-F0C6-423C-94AC-2F3AD608832A}.Release|x64.Build.0 = Release|Any CPU
		{626F72ED-F0C6-423C-94AC-2F3AD608832A}.Release|x86.ActiveCfg = Release|Any CPU
		{626F72ED-F0C6-423C-94AC-2F3AD608832A}.Release|x86.Build.0 = Release|Any CPU
		{806C5F44-661D-460D-A6C0-0085F5BC8D41}.Debug|Any CPU.ActiveCfg = Debug|Any CPU
		{806C5F44-661D-460D-A6C0-0085F5BC8D41}.Debug|Any CPU.Build.0 = Debug|Any CPU
		{806C5F44-661D-460D-A6C0-0085F5BC8D41}.Debug|ARM.ActiveCfg = Debug|Any CPU
		{806C5F44-661D-460D-A6C0-0085F5BC8D41}.Debug|ARM.Build.0 = Debug|Any CPU
		{806C5F44-661D-460D-A6C0-0085F5BC8D41}.Debug|x64.ActiveCfg = Debug|Any CPU
		{806C5F44-661D-460D-A6C0-0085F5BC8D41}.Debug|x64.Build.0 = Debug|Any CPU
		{806C5F44-661D-460D-A6C0-0085F5BC8D41}.Debug|x86.ActiveCfg = Debug|Any CPU
		{806C5F44-661D-460D-A6C0-0085F5BC8D41}.Debug|x86.Build.0 = Debug|Any CPU
		{806C5F44-661D-460D-A6C0-0085F5BC8D41}.Release|Any CPU.ActiveCfg = Release|Any CPU
		{806C5F44-661D-460D-A6C0-0085F5BC8D41}.Release|Any CPU.Build.0 = Release|Any CPU
		{806C5F44-661D-460D-A6C0-0085F5BC8D41}.Release|ARM.ActiveCfg = Release|Any CPU
		{806C5F44-661D-460D-A6C0-0085F5BC8D41}.Release|ARM.Build.0 = Release|Any CPU
		{806C5F44-661D-460D-A6C0-0085F5BC8D41}.Release|x64.ActiveCfg = Release|Any CPU
		{806C5F44-661D-460D-A6C0-0085F5BC8D41}.Release|x64.Build.0 = Release|Any CPU
		{806C5F44-661D-460D-A6C0-0085F5BC8D41}.Release|x86.ActiveCfg = Release|Any CPU
		{806C5F44-661D-460D-A6C0-0085F5BC8D41}.Release|x86.Build.0 = Release|Any CPU
		{E24D297D-5800-44F8-AA2F-6F078771B8E7}.Debug|Any CPU.ActiveCfg = Debug|Any CPU
		{E24D297D-5800-44F8-AA2F-6F078771B8E7}.Debug|Any CPU.Build.0 = Debug|Any CPU
		{E24D297D-5800-44F8-AA2F-6F078771B8E7}.Debug|ARM.ActiveCfg = Debug|Any CPU
		{E24D297D-5800-44F8-AA2F-6F078771B8E7}.Debug|ARM.Build.0 = Debug|Any CPU
		{E24D297D-5800-44F8-AA2F-6F078771B8E7}.Debug|x64.ActiveCfg = Debug|Any CPU
		{E24D297D-5800-44F8-AA2F-6F078771B8E7}.Debug|x64.Build.0 = Debug|Any CPU
		{E24D297D-5800-44F8-AA2F-6F078771B8E7}.Debug|x86.ActiveCfg = Debug|Any CPU
		{E24D297D-5800-44F8-AA2F-6F078771B8E7}.Debug|x86.Build.0 = Debug|Any CPU
		{E24D297D-5800-44F8-AA2F-6F078771B8E7}.Release|Any CPU.ActiveCfg = Release|Any CPU
		{E24D297D-5800-44F8-AA2F-6F078771B8E7}.Release|Any CPU.Build.0 = Release|Any CPU
		{E24D297D-5800-44F8-AA2F-6F078771B8E7}.Release|ARM.ActiveCfg = Release|Any CPU
		{E24D297D-5800-44F8-AA2F-6F078771B8E7}.Release|ARM.Build.0 = Release|Any CPU
		{E24D297D-5800-44F8-AA2F-6F078771B8E7}.Release|x64.ActiveCfg = Release|Any CPU
		{E24D297D-5800-44F8-AA2F-6F078771B8E7}.Release|x64.Build.0 = Release|Any CPU
		{E24D297D-5800-44F8-AA2F-6F078771B8E7}.Release|x86.ActiveCfg = Release|Any CPU
		{E24D297D-5800-44F8-AA2F-6F078771B8E7}.Release|x86.Build.0 = Release|Any CPU
		{9C568B22-FD3C-4B40-BF63-17DE080C59EA}.Debug|Any CPU.ActiveCfg = Debug|Any CPU
		{9C568B22-FD3C-4B40-BF63-17DE080C59EA}.Debug|Any CPU.Build.0 = Debug|Any CPU
		{9C568B22-FD3C-4B40-BF63-17DE080C59EA}.Debug|ARM.ActiveCfg = Debug|Any CPU
		{9C568B22-FD3C-4B40-BF63-17DE080C59EA}.Debug|ARM.Build.0 = Debug|Any CPU
		{9C568B22-FD3C-4B40-BF63-17DE080C59EA}.Debug|x64.ActiveCfg = Debug|Any CPU
		{9C568B22-FD3C-4B40-BF63-17DE080C59EA}.Debug|x64.Build.0 = Debug|Any CPU
		{9C568B22-FD3C-4B40-BF63-17DE080C59EA}.Debug|x86.ActiveCfg = Debug|Any CPU
		{9C568B22-FD3C-4B40-BF63-17DE080C59EA}.Debug|x86.Build.0 = Debug|Any CPU
		{9C568B22-FD3C-4B40-BF63-17DE080C59EA}.Release|Any CPU.ActiveCfg = Release|Any CPU
		{9C568B22-FD3C-4B40-BF63-17DE080C59EA}.Release|Any CPU.Build.0 = Release|Any CPU
		{9C568B22-FD3C-4B40-BF63-17DE080C59EA}.Release|ARM.ActiveCfg = Release|Any CPU
		{9C568B22-FD3C-4B40-BF63-17DE080C59EA}.Release|ARM.Build.0 = Release|Any CPU
		{9C568B22-FD3C-4B40-BF63-17DE080C59EA}.Release|x64.ActiveCfg = Release|Any CPU
		{9C568B22-FD3C-4B40-BF63-17DE080C59EA}.Release|x64.Build.0 = Release|Any CPU
		{9C568B22-FD3C-4B40-BF63-17DE080C59EA}.Release|x86.ActiveCfg = Release|Any CPU
		{9C568B22-FD3C-4B40-BF63-17DE080C59EA}.Release|x86.Build.0 = Release|Any CPU
		{FA355652-7B87-4E31-86EA-971CF718F510}.Debug|Any CPU.ActiveCfg = Debug|Any CPU
		{FA355652-7B87-4E31-86EA-971CF718F510}.Debug|Any CPU.Build.0 = Debug|Any CPU
		{FA355652-7B87-4E31-86EA-971CF718F510}.Debug|ARM.ActiveCfg = Debug|Any CPU
		{FA355652-7B87-4E31-86EA-971CF718F510}.Debug|ARM.Build.0 = Debug|Any CPU
		{FA355652-7B87-4E31-86EA-971CF718F510}.Debug|x64.ActiveCfg = Debug|Any CPU
		{FA355652-7B87-4E31-86EA-971CF718F510}.Debug|x64.Build.0 = Debug|Any CPU
		{FA355652-7B87-4E31-86EA-971CF718F510}.Debug|x86.ActiveCfg = Debug|Any CPU
		{FA355652-7B87-4E31-86EA-971CF718F510}.Debug|x86.Build.0 = Debug|Any CPU
		{FA355652-7B87-4E31-86EA-971CF718F510}.Release|Any CPU.ActiveCfg = Release|Any CPU
		{FA355652-7B87-4E31-86EA-971CF718F510}.Release|Any CPU.Build.0 = Release|Any CPU
		{FA355652-7B87-4E31-86EA-971CF718F510}.Release|ARM.ActiveCfg = Release|Any CPU
		{FA355652-7B87-4E31-86EA-971CF718F510}.Release|ARM.Build.0 = Release|Any CPU
		{FA355652-7B87-4E31-86EA-971CF718F510}.Release|x64.ActiveCfg = Release|Any CPU
		{FA355652-7B87-4E31-86EA-971CF718F510}.Release|x64.Build.0 = Release|Any CPU
		{FA355652-7B87-4E31-86EA-971CF718F510}.Release|x86.ActiveCfg = Release|Any CPU
		{FA355652-7B87-4E31-86EA-971CF718F510}.Release|x86.Build.0 = Release|Any CPU
	EndGlobalSection
	GlobalSection(SolutionProperties) = preSolution
		HideSolutionNode = FALSE
	EndGlobalSection
	GlobalSection(ExtensibilityGlobals) = postSolution
		SolutionGuid = {3964695B-2E28-478D-9E17-4681FEB86A1E}
	EndGlobalSection
EndGlobal
